
Microsoft Visual Studio Solution File, Format Version 12.00
# Visual Studio Version 16
VisualStudioVersion = 16.0.30621.155
MinimumVisualStudioVersion = 10.0.40219.1
Project("{FAE04EC0-301F-11D3-BF4B-00C04F79EFBC}") = "SmartParkingApplication", "SmartParkingApplication\SmartParkingApplication.csproj", "{1453727A-F9BC-42DC-B581-C56DC3237049}"
EndProject
Global
	GlobalSection(SolutionConfigurationPlatforms) = preSolution
		Debug|Any CPU = Debug|Any CPU
		Release|Any CPU = Release|Any CPU
	EndGlobalSection
	GlobalSection(ProjectConfigurationPlatforms) = postSolution
		{1453727A-F9BC-42DC-B581-C56DC3237049}.Debug|Any CPU.ActiveCfg = Debug|Any CPU
		{1453727A-F9BC-42DC-B581-C56DC3237049}.Debug|Any CPU.Build.0 = Debug|Any CPU
		{1453727A-F9BC-42DC-B581-C56DC3237049}.Release|Any CPU.ActiveCfg = Release|Any CPU
		{1453727A-F9BC-42DC-B581-C56DC3237049}.Release|Any CPU.Build.0 = Release|Any CPU
	EndGlobalSection
	GlobalSection(SolutionProperties) = preSolution
		HideSolutionNode = FALSE
	EndGlobalSection
	GlobalSection(ExtensibilityGlobals) = postSolution
		SolutionGuid = {FC3D2120-EA63-463B-87C0-10755A7901A5}
	EndGlobalSection
EndGlobal
